
Microsoft Visual Studio Solution File, Format Version 12.00
# Visual Studio Version 17
VisualStudioVersion = 17.8.34309.116
MinimumVisualStudioVersion = 10.0.40219.1
Project("{9A19103F-16F7-4668-BE54-9A1E7A4F7556}") = "AxorP1", "AxorP1\AxorP1.csproj", "{8396C891-8EC9-47D2-8DA2-C6BEE1315B8B}"
EndProject
Global
	GlobalSection(SolutionConfigurationPlatforms) = preSolution
		Debug|Any CPU = Debug|Any CPU
		Release|Any CPU = Release|Any CPU
	EndGlobalSection
	GlobalSection(ProjectConfigurationPlatforms) = postSolution
		{8396C891-8EC9-47D2-8DA2-C6BEE1315B8B}.Debug|Any CPU.ActiveCfg = Debug|Any CPU
		{8396C891-8EC9-47D2-8DA2-C6BEE1315B8B}.Debug|Any CPU.Build.0 = Debug|Any CPU
		{8396C891-8EC9-47D2-8DA2-C6BEE1315B8B}.Release|Any CPU.ActiveCfg = Release|Any CPU
		{8396C891-8EC9-47D2-8DA2-C6BEE1315B8B}.Release|Any CPU.Build.0 = Release|Any CPU
	EndGlobalSection
	GlobalSection(SolutionProperties) = preSolution
		HideSolutionNode = FALSE
	EndGlobalSection
	GlobalSection(ExtensibilityGlobals) = postSolution
		SolutionGuid = {37B4E49D-CE4F-4903-9ADB-41D3282CD5DD}
	EndGlobalSection
EndGlobal
